
Microsoft Visual Studio Solution File, Format Version 12.00
# Visual Studio 15
VisualStudioVersion = 15.0.26730.12
MinimumVisualStudioVersion = 10.0.40219.1
Project("{FAE04EC0-301F-11D3-BF4B-00C04F79EFBC}") = "PerduDansLeDesert", "PerduDansLeDesert\PerduDansLeDesert.csproj", "{8D1B6FEF-7265-4FBB-AFA2-652FE4E18D43}"
EndProject
Project("{FAE04EC0-301F-11D3-BF4B-00C04F79EFBC}") = "Cavalier", "Cavalier\Cavalier.csproj", "{63CE52F2-88F5-46B1-B9F7-F4F9811C75DB}"
EndProject
Global
	GlobalSection(SolutionConfigurationPlatforms) = preSolution
		Debug|Any CPU = Debug|Any CPU
		Release|Any CPU = Release|Any CPU
	EndGlobalSection
	GlobalSection(ProjectConfigurationPlatforms) = postSolution
		{8D1B6FEF-7265-4FBB-AFA2-652FE4E18D43}.Debug|Any CPU.ActiveCfg = Debug|Any CPU
		{8D1B6FEF-7265-4FBB-AFA2-652FE4E18D43}.Debug|Any CPU.Build.0 = Debug|Any CPU
		{8D1B6FEF-7265-4FBB-AFA2-652FE4E18D43}.Release|Any CPU.ActiveCfg = Release|Any CPU
		{8D1B6FEF-7265-4FBB-AFA2-652FE4E18D43}.Release|Any CPU.Build.0 = Release|Any CPU
		{63CE52F2-88F5-46B1-B9F7-F4F9811C75DB}.Debug|Any CPU.ActiveCfg = Debug|Any CPU
		{63CE52F2-88F5-46B1-B9F7-F4F9811C75DB}.Debug|Any CPU.Build.0 = Debug|Any CPU
		{63CE52F2-88F5-46B1-B9F7-F4F9811C75DB}.Release|Any CPU.ActiveCfg = Release|Any CPU
		{63CE52F2-88F5-46B1-B9F7-F4F9811C75DB}.Release|Any CPU.Build.0 = Release|Any CPU
	EndGlobalSection
	GlobalSection(SolutionProperties) = preSolution
		HideSolutionNode = FALSE
	EndGlobalSection
	GlobalSection(ExtensibilityGlobals) = postSolution
		SolutionGuid = {A54ECA4B-9553-4EA2-8F4F-EF17D3FDDA5F}
	EndGlobalSection
EndGlobal
