
Microsoft Visual Studio Solution File, Format Version 12.00
# Visual Studio 15
VisualStudioVersion = 15.0.26730.12
MinimumVisualStudioVersion = 10.0.40219.1
Project("{FAE04EC0-301F-11D3-BF4B-00C04F79EFBC}") = "DevinConsole", "DevinConsole\DevinConsole.csproj", "{06828E15-B474-471A-B930-855C97557693}"
EndProject
Project("{FAE04EC0-301F-11D3-BF4B-00C04F79EFBC}") = "DevinGraphique", "DevinGraphique\DevinGraphique.csproj", "{33378425-4298-4422-97A4-8B1F43693D47}"
EndProject
Global
	GlobalSection(SolutionConfigurationPlatforms) = preSolution
		Debug|Any CPU = Debug|Any CPU
		Release|Any CPU = Release|Any CPU
	EndGlobalSection
	GlobalSection(ProjectConfigurationPlatforms) = postSolution
		{06828E15-B474-471A-B930-855C97557693}.Debug|Any CPU.ActiveCfg = Debug|Any CPU
		{06828E15-B474-471A-B930-855C97557693}.Debug|Any CPU.Build.0 = Debug|Any CPU
		{06828E15-B474-471A-B930-855C97557693}.Release|Any CPU.ActiveCfg = Release|Any CPU
		{06828E15-B474-471A-B930-855C97557693}.Release|Any CPU.Build.0 = Release|Any CPU
		{33378425-4298-4422-97A4-8B1F43693D47}.Debug|Any CPU.ActiveCfg = Debug|Any CPU
		{33378425-4298-4422-97A4-8B1F43693D47}.Debug|Any CPU.Build.0 = Debug|Any CPU
		{33378425-4298-4422-97A4-8B1F43693D47}.Release|Any CPU.ActiveCfg = Release|Any CPU
		{33378425-4298-4422-97A4-8B1F43693D47}.Release|Any CPU.Build.0 = Release|Any CPU
	EndGlobalSection
	GlobalSection(SolutionProperties) = preSolution
		HideSolutionNode = FALSE
	EndGlobalSection
	GlobalSection(ExtensibilityGlobals) = postSolution
		SolutionGuid = {5E0258E9-B20D-4FC0-9084-ED244644933C}
	EndGlobalSection
EndGlobal
